<?xml version="1.0" encoding="utf-8"?>
<Project ToolsVersion="4.0" xmlns="http://schemas.microsoft.com/developer/msbuild/2003">
  <ItemGroup>
    <Filter Include="Source Files">
      <UniqueIdentifier>{4FC737F1-C7A5-4376-A066-2A32D752A2FF}</UniqueIdentifier>
      <Extensions>cpp;c;cc;cxx;def;odl;idl;hpj;bat;asm;asmx</Extensions>
    </Filter>
    <Filter Include="Header Files">
      <UniqueIdentifier>{93995380-89BD-4b04-88EB-625FBE52EBFB}</UniqueIdentifier>
      <Extensions>h;hh;hpp;hxx;hm;inl;inc;ipp;xsd</Extensions>
    </Filter>
    <Filter Include="Resource Files">
      <UniqueIdentifier>{67DA6AB6-F800-4c08-8B7A-83BB121AAD01}</UniqueIdentifier>
      <Extensions>rc;ico;cur;bmp;dlg;rc2;rct;bin;rgs;gif;jpg;jpeg;jpe;resx;tiff;tif;png;wav;mfcribbon-ms</Extensions>
    </Filter>
    <Filter Include="Header Files\FSM">
      <UniqueIdentifier>{2672169d-ffa2-4496-994a-bc18f802229b}</UniqueIdentifier>
    </Filter>
    <Filter Include="Source Files\FSM">
      <UniqueIdentifier>{bcca164b-e2ad-4731-bdc3-0ce7d7b921ef}</UniqueIdentifier>
    </Filter>
    <Filter Include="Source Files\Map">
      <UniqueIdentifier>{6a173882-6074-481f-9219-e8d8592f1a50}</UniqueIdentifier>
    </Filter>
    <Filter Include="Header Files\Map">
      <UniqueIdentifier>{6993b2e7-ccfc-435c-81c1-527a70cf50bd}</UniqueIdentifier>
    </Filter>
    <Filter Include="Header Files\Player">
      <UniqueIdentifier>{3d4e63a1-d3af-4dbf-85ea-ad12ae711597}</UniqueIdentifier>
    </Filter>
    <Filter Include="Source Files\Player">
      <UniqueIdentifier>{1956d2e1-4685-4a8b-91ef-192db1849f29}</UniqueIdentifier>
    </Filter>
    <Filter Include="Header Files\FSM\Fighter">
      <UniqueIdentifier>{cf9ceaaa-6d97-4ed8-9451-2f33e23edb12}</UniqueIdentifier>
    </Filter>
    <Filter Include="Source Files\FSM\Fighter">
      <UniqueIdentifier>{daeabf0d-edf9-44c9-8678-a56d373d796a}</UniqueIdentifier>
    </Filter>
    <Filter Include="Header Files\FSM\Support">
      <UniqueIdentifier>{ab2db1d1-ec36-4d93-9ff7-8c2ae4bdc5de}</UniqueIdentifier>
    </Filter>
    <Filter Include="Source Files\FSM\Support">
      <UniqueIdentifier>{84c4c0f3-3b55-4ccc-8d04-a42dc9cf448d}</UniqueIdentifier>
    </Filter>
  </ItemGroup>
  <ItemGroup>
    <ClCompile Include="main.cpp">
      <Filter>Source Files</Filter>
    </ClCompile>
    <ClCompile Include="Grenade.cpp">
      <Filter>Source Files\Map</Filter>
    </ClCompile>
    <ClCompile Include="Bullet.cpp">
      <Filter>Source Files\Map</Filter>
    </ClCompile>
    <ClCompile Include="Room.cpp">
      <Filter>Source Files\Map</Filter>
    </ClCompile>
    <ClCompile Include="Cell.cpp">
      <Filter>Source Files\Map</Filter>
    </ClCompile>
    <ClCompile Include="CompareCells.cpp">
      <Filter>Source Files\Map</Filter>
    </ClCompile>
    <ClCompile Include="Fighter.cpp">
      <Filter>Source Files\Player</Filter>
    </ClCompile>
    <ClCompile Include="Player.cpp">
      <Filter>Source Files\Player</Filter>
    </ClCompile>
    <ClCompile Include="Support.cpp">
      <Filter>Source Files\Player</Filter>
    </ClCompile>
    <ClCompile Include="Attack.cpp">
      <Filter>Source Files\FSM\Fighter</Filter>
    </ClCompile>
    <ClCompile Include="Defence.cpp">
      <Filter>Source Files\FSM\Fighter</Filter>
    </ClCompile>
    <ClCompile Include="Backup.cpp">
      <Filter>Source Files\FSM\Support</Filter>
    </ClCompile>
    <ClCompile Include="Help.cpp">
      <Filter>Source Files\FSM\Support</Filter>
    </ClCompile>
    <ClCompile Include="Restock.cpp">
      <Filter>Source Files\FSM\Support</Filter>
    </ClCompile>
  </ItemGroup>
  <ItemGroup>
    <ClInclude Include="State.h">
      <Filter>Header Files\FSM</Filter>
    </ClInclude>
    <ClInclude Include="Bullet.h">
      <Filter>Header Files\Map</Filter>
    </ClInclude>
    <ClInclude Include="Cell.h">
      <Filter>Header Files\Map</Filter>
    </ClInclude>
    <ClInclude Include="CompareCells.h">
      <Filter>Header Files\Map</Filter>
    </ClInclude>
    <ClInclude Include="definitions.h">
      <Filter>Header Files\Map</Filter>
    </ClInclude>
    <ClInclude Include="Grenade.h">
      <Filter>Header Files\Map</Filter>
    </ClInclude>
    <ClInclude Include="resource.h">
      <Filter>Header Files\Map</Filter>
    </ClInclude>
    <ClInclude Include="Room.h">
      <Filter>Header Files\Map</Filter>
    </ClInclude>
    <ClInclude Include="Fighter.h">
      <Filter>Header Files\Player</Filter>
    </ClInclude>
    <ClInclude Include="Player.h">
      <Filter>Header Files\Player</Filter>
    </ClInclude>
    <ClInclude Include="Support.h">
      <Filter>Header Files\Player</Filter>
    </ClInclude>
    <ClInclude Include="Attack.h">
      <Filter>Header Files\FSM\Fighter</Filter>
    </ClInclude>
    <ClInclude Include="Defense.h">
      <Filter>Header Files\FSM\Fighter</Filter>
    </ClInclude>
    <ClInclude Include="Backup.h">
      <Filter>Header Files\FSM\Support</Filter>
    </ClInclude>
    <ClInclude Include="Help.h">
      <Filter>Header Files\FSM\Support</Filter>
    </ClInclude>
    <ClInclude Include="Restock.h">
      <Filter>Header Files\FSM\Support</Filter>
    </ClInclude>
    <ClInclude Include="GroupDef.h">
      <Filter>Header Files\Map</Filter>
    </ClInclude>
  </ItemGroup>
  <ItemGroup>
    <ResourceCompile Include="Graphics.rc">
      <Filter>Resource Files</Filter>
    </ResourceCompile>
  </ItemGroup>
  <ItemGroup>
    <None Include="..\Docs\AI_project.doc">
      <Filter>Resource Files</Filter>
    </None>
    <None Include="..\Docs\Shooter.drawio">
      <Filter>Resource Files</Filter>
    </None>
  </ItemGroup>
  <ItemGroup>
    <Image Include="..\Docs\Shooter.png">
      <Filter>Resource Files</Filter>
    </Image>
  </ItemGroup>
</Project>